<?xml version="1.0" encoding="utf-8"?>
<Project ToolsVersion="4.0" xmlns="http://schemas.microsoft.com/developer/msbuild/2003">
  <ItemGroup>
    <Filter Include="Source Files">
      <UniqueIdentifier>{4FC737F1-C7A5-4376-A066-2A32D752A2FF}</UniqueIdentifier>
      <Extensions>cpp;c;cc;cxx;def;odl;idl;hpj;bat;asm;asmx</Extensions>
    </Filter>
    <Filter Include="Header Files">
      <UniqueIdentifier>{93995380-89BD-4b04-88EB-625FBE52EBFB}</UniqueIdentifier>
      <Extensions>h;hh;hpp;hxx;hm;inl;inc;ipp;xsd</Extensions>
    </Filter>
    <Filter Include="Header Files\Animation">
      <UniqueIdentifier>{319782c8-1739-440c-a631-8ddd989731d4}</UniqueIdentifier>
    </Filter>
    <Filter Include="Header Files\GLTF">
      <UniqueIdentifier>{1a8b521a-818c-4c41-9034-395687223804}</UniqueIdentifier>
    </Filter>
    <Filter Include="Header Files\Math">
      <UniqueIdentifier>{eb25ccaf-a312-41eb-b4fe-48245b552ad1}</UniqueIdentifier>
    </Filter>
    <Filter Include="Header Files\OpenGL">
      <UniqueIdentifier>{cdaf81a2-72b4-4d61-bcfe-01e13d59c24b}</UniqueIdentifier>
    </Filter>
    <Filter Include="Header Files\Window">
      <UniqueIdentifier>{19cf6c9e-ba3b-418d-9e36-9d14f4841166}</UniqueIdentifier>
    </Filter>
    <Filter Include="Header Files\Rendering">
      <UniqueIdentifier>{02925bdc-f69c-4db5-b106-0d66b4f0609c}</UniqueIdentifier>
    </Filter>
    <Filter Include="Header Files\Animation\Blending">
      <UniqueIdentifier>{bd3b47b0-ee76-4b93-a4c4-97c783631a3c}</UniqueIdentifier>
    </Filter>
    <Filter Include="Header Files\Animation\IK">
      <UniqueIdentifier>{24d38669-e8ac-4cd7-b403-8dba85d73a83}</UniqueIdentifier>
    </Filter>
    <Filter Include="Source Files\Animation">
      <UniqueIdentifier>{95e1f5e2-cc86-40e9-80eb-a43d640da0f1}</UniqueIdentifier>
    </Filter>
    <Filter Include="Source Files\Animation\Blending">
      <UniqueIdentifier>{9179380f-561b-453d-96ad-a7ed5afb47b5}</UniqueIdentifier>
    </Filter>
    <Filter Include="Source Files\Animation\IK">
      <UniqueIdentifier>{56b054f0-01c6-412c-962a-ae8dca8287c9}</UniqueIdentifier>
    </Filter>
    <Filter Include="Source Files\GLTF">
      <UniqueIdentifier>{0fcda170-8a92-431a-9228-b11f0c45c037}</UniqueIdentifier>
    </Filter>
    <Filter Include="Source Files\Math">
      <UniqueIdentifier>{62e4ed63-03fb-4542-accd-0af3d730dab2}</UniqueIdentifier>
    </Filter>
    <Filter Include="Source Files\OpenGL">
      <UniqueIdentifier>{0cc9efdf-57d9-450d-93db-1180477d258f}</UniqueIdentifier>
    </Filter>
    <Filter Include="Source Files\Rendering">
      <UniqueIdentifier>{8a542b5a-85f9-47a0-8289-5b861f8941cb}</UniqueIdentifier>
    </Filter>
    <Filter Include="Source Files\Window">
      <UniqueIdentifier>{7fe42c99-d074-4494-bf90-494bc02a9824}</UniqueIdentifier>
    </Filter>
    <Filter Include="Shaders">
      <UniqueIdentifier>{67DA6AB6-F800-4c08-8B7A-83BB121AAD01}</UniqueIdentifier>
      <Extensions>rc;ico;cur;bmp;dlg;rc2;rct;bin;rgs;gif;jpg;jpeg;jpe;resx;tiff;tif;png;wav;mfcribbon-ms</Extensions>
    </Filter>
  </ItemGroup>
  <ItemGroup>
    <ClInclude Include="resource.h">
      <Filter>Header Files</Filter>
    </ClInclude>
    <ClInclude Include="Sample.h">
      <Filter>Header Files</Filter>
    </ClInclude>
    <ClInclude Include="Blending.h">
      <Filter>Header Files\Animation\Blending</Filter>
    </ClInclude>
    <ClInclude Include="CrossFadeController.h">
      <Filter>Header Files\Animation\Blending</Filter>
    </ClInclude>
    <ClInclude Include="CrossFadeTarget.h">
      <Filter>Header Files\Animation\Blending</Filter>
    </ClInclude>
    <ClInclude Include="Clip.h">
      <Filter>Header Files\Animation</Filter>
    </ClInclude>
    <ClInclude Include="Frame.h">
      <Filter>Header Files\Animation</Filter>
    </ClInclude>
    <ClInclude Include="Interpolation.h">
      <Filter>Header Files\Animation</Filter>
    </ClInclude>
    <ClInclude Include="Pose.h">
      <Filter>Header Files\Animation</Filter>
    </ClInclude>
    <ClInclude Include="Skeleton.h">
      <Filter>Header Files\Animation</Filter>
    </ClInclude>
    <ClInclude Include="Track.h">
      <Filter>Header Files\Animation</Filter>
    </ClInclude>
    <ClInclude Include="TransformTrack.h">
      <Filter>Header Files\Animation</Filter>
    </ClInclude>
    <ClInclude Include="cgltf.h">
      <Filter>Header Files\GLTF</Filter>
    </ClInclude>
    <ClInclude Include="GLTFLoader.h">
      <Filter>Header Files\GLTF</Filter>
    </ClInclude>
    <ClInclude Include="mat4.h">
      <Filter>Header Files\Math</Filter>
    </ClInclude>
    <ClInclude Include="quat.h">
      <Filter>Header Files\Math</Filter>
    </ClInclude>
    <ClInclude Include="Transform.h">
      <Filter>Header Files\Math</Filter>
    </ClInclude>
    <ClInclude Include="vec2.h">
      <Filter>Header Files\Math</Filter>
    </ClInclude>
    <ClInclude Include="vec3.h">
      <Filter>Header Files\Math</Filter>
    </ClInclude>
    <ClInclude Include="vec4.h">
      <Filter>Header Files\Math</Filter>
    </ClInclude>
    <ClInclude Include="Mesh.h">
      <Filter>Header Files\Rendering</Filter>
    </ClInclude>
    <ClInclude Include="Attribute.h">
      <Filter>Header Files\OpenGL</Filter>
    </ClInclude>
    <ClInclude Include="Draw.h">
      <Filter>Header Files\OpenGL</Filter>
    </ClInclude>
    <ClInclude Include="Shader.h">
      <Filter>Header Files\OpenGL</Filter>
    </ClInclude>
    <ClInclude Include="stb_image.h">
      <Filter>Header Files\OpenGL</Filter>
    </ClInclude>
    <ClInclude Include="Texture.h">
      <Filter>Header Files\OpenGL</Filter>
    </ClInclude>
    <ClInclude Include="Uniform.h">
      <Filter>Header Files\OpenGL</Filter>
    </ClInclude>
    <ClInclude Include="Application.h">
      <Filter>Header Files\Window</Filter>
    </ClInclude>
    <ClInclude Include="glad.h">
      <Filter>Header Files\Window</Filter>
    </ClInclude>
    <ClInclude Include="khrplatform.h">
      <Filter>Header Files\Window</Filter>
    </ClInclude>
    <ClInclude Include="IndexBuffer.h">
      <Filter>Header Files\OpenGL</Filter>
    </ClInclude>
    <ClInclude Include="FABRIKSolver.h">
      <Filter>Header Files\Animation\IK</Filter>
    </ClInclude>
    <ClInclude Include="CCDSolver.h">
      <Filter>Header Files\Animation\IK</Filter>
    </ClInclude>
  </ItemGroup>
  <ItemGroup>
    <ClCompile Include="Sample.cpp">
      <Filter>Source Files</Filter>
    </ClCompile>
    <ClCompile Include="Blending.cpp">
      <Filter>Source Files\Animation\Blending</Filter>
    </ClCompile>
    <ClCompile Include="CCDSolver.cpp">
      <Filter>Source Files\Animation\IK</Filter>
    </ClCompile>
    <ClCompile Include="Attribute.cpp">
      <Filter>Source Files\OpenGL</Filter>
    </ClCompile>
    <ClCompile Include="cgltf.c">
      <Filter>Source Files\GLTF</Filter>
    </ClCompile>
    <ClCompile Include="Clip.cpp">
      <Filter>Source Files\Animation</Filter>
    </ClCompile>
    <ClCompile Include="CrossFadeController.cpp">
      <Filter>Source Files\Animation\Blending</Filter>
    </ClCompile>
    <ClCompile Include="Draw.cpp">
      <Filter>Source Files\OpenGL</Filter>
    </ClCompile>
    <ClCompile Include="FABRIKSolver.cpp">
      <Filter>Source Files\Animation\IK</Filter>
    </ClCompile>
    <ClCompile Include="glad.c">
      <Filter>Source Files\Window</Filter>
    </ClCompile>
    <ClCompile Include="IndexBuffer.cpp">
      <Filter>Source Files\OpenGL</Filter>
    </ClCompile>
    <ClCompile Include="mat4.cpp">
      <Filter>Source Files\Math</Filter>
    </ClCompile>
    <ClCompile Include="Mesh.cpp">
      <Filter>Source Files\Rendering</Filter>
    </ClCompile>
    <ClCompile Include="Pose.cpp">
      <Filter>Source Files\Animation</Filter>
    </ClCompile>
    <ClCompile Include="quat.cpp">
      <Filter>Source Files\Math</Filter>
    </ClCompile>
    <ClCompile Include="Shader.cpp">
      <Filter>Source Files\OpenGL</Filter>
    </ClCompile>
    <ClCompile Include="Skeleton.cpp">
      <Filter>Source Files\Animation</Filter>
    </ClCompile>
    <ClCompile Include="stb_image.cpp">
      <Filter>Source Files\OpenGL</Filter>
    </ClCompile>
    <ClCompile Include="Texture.cpp">
      <Filter>Source Files\OpenGL</Filter>
    </ClCompile>
    <ClCompile Include="Track.cpp">
      <Filter>Source Files\Animation</Filter>
    </ClCompile>
    <ClCompile Include="Transform.cpp">
      <Filter>Source Files\Math</Filter>
    </ClCompile>
    <ClCompile Include="TransformTrack.cpp">
      <Filter>Source Files\Animation</Filter>
    </ClCompile>
    <ClCompile Include="Uniform.cpp">
      <Filter>Source Files\OpenGL</Filter>
    </ClCompile>
    <ClCompile Include="vec3.cpp">
      <Filter>Source Files\Math</Filter>
    </ClCompile>
    <ClCompile Include="WinMain.cpp">
      <Filter>Source Files\Window</Filter>
    </ClCompile>
    <ClCompile Include="GLTFLoader.cpp">
      <Filter>Source Files\GLTF</Filter>
    </ClCompile>
  </ItemGroup>
  <ItemGroup>
    <ResourceCompile Include="AnimationProject.rc">
      <Filter>Shaders</Filter>
    </ResourceCompile>
  </ItemGroup>
  <ItemGroup>
    <None Include="static.vert">
      <Filter>Shaders</Filter>
    </None>
    <None Include="lit.frag">
      <Filter>Shaders</Filter>
    </None>
    <None Include="skinned.vert">
      <Filter>Shaders</Filter>
    </None>
  </ItemGroup>
</Project>